<?xml version="1.0" encoding="utf-8"?>
<Project ToolsVersion="4.0" xmlns="http://schemas.microsoft.com/developer/msbuild/2003">
  <ItemGroup>
    <ClCompile Include="Source\Implementations\utils.cpp" />
    <ClCompile Include="Source\Implementations\anceu.cpp" />
    <ClCompile Include="Source\Implementations\ui.cpp" />
    <ClCompile Include="Source\Implementations\colors.cpp" />
    <ClCompile Include="Source\Resources\fonts.cpp" />
    <ClCompile Include="Source\Resources\sounds.cpp" />
    <ClCompile Include="Source\Implementations\khlorz_combo_filter.cpp" />
    <ClCompile Include="Source\Implementations\texts.cpp" />
    <ClCompile Include="Source\Implementations\main.cpp" />
  </ItemGroup>
  <ItemGroup>
    <ClInclude Include="Source\Headers\anceu.h" />
    <ClInclude Include="Source\Headers\utils.h" />
    <ClInclude Include="Source\Headers\ui.h" />
    <ClInclude Include="Source\Headers\resources.h" />
    <ClInclude Include="Source\Headers\colors.h" />
    <ClInclude Include="Source\Headers\khlorz_combo_filter.h" />
    <ClInclude Include="Source\Headers\texts.h" />
  </ItemGroup>
  <ItemGroup>
    <ResourceCompile Include="Source\Resources\resources.rc" />
  </ItemGroup>
  <ItemGroup>
    <Image Include="Source\Resources\icon.ico" />
  </ItemGroup>
</Project>